
Microsoft Visual Studio Solution File, Format Version 12.00
# Visual Studio Version 17
VisualStudioVersion = 17.14.37216.2 d17.14
MinimumVisualStudioVersion = 10.0.40219.1
Project("{FAE04EC0-301F-11D3-BF4B-00C04F79EFBC}") = "KeyboardChatterBlocker", "KeyboardChatterBlocker.csproj", "{1C01A8FB-3E6A-C584-2F44-610CB9B8B58B}"
EndProject
Global
	GlobalSection(SolutionConfigurationPlatforms) = preSolution
		Debug|Any CPU = Debug|Any CPU
		Release|Any CPU = Release|Any CPU
	EndGlobalSection
	GlobalSection(ProjectConfigurationPlatforms) = postSolution
		{1C01A8FB-3E6A-C584-2F44-610CB9B8B58B}.Debug|Any CPU.ActiveCfg = Debug|Any CPU
		{1C01A8FB-3E6A-C584-2F44-610CB9B8B58B}.Debug|Any CPU.Build.0 = Debug|Any CPU
		{1C01A8FB-3E6A-C584-2F44-610CB9B8B58B}.Release|Any CPU.ActiveCfg = Release|Any CPU
		{1C01A8FB-3E6A-C584-2F44-610CB9B8B58B}.Release|Any CPU.Build.0 = Release|Any CPU
	EndGlobalSection
	GlobalSection(SolutionProperties) = preSolution
		HideSolutionNode = FALSE
	EndGlobalSection
	GlobalSection(ExtensibilityGlobals) = postSolution
		SolutionGuid = {50412E61-5FEC-4289-94AA-E8C8923BD085}
	EndGlobalSection
EndGlobal
